// !$*UTF8*$!
{
	archiveVersion = 1;
	classes = {
	};
	objectVersion = 46;
	objects = {

/* Begin PBXBuildFile section */
		DC6682801A43DE6A00280A0A /* main.m in Sources */ = {isa = PBXBuildFile; fileRef = DC66827F1A43DE6A00280A0A /* main.m */; };
		DC6682831A43DE6A00280A0A /* AppDelegate.m in Sources */ = {isa = PBXBuildFile; fileRef = DC6682821A43DE6A00280A0A /* AppDelegate.m */; };
		DC6682861A43DE6A00280A0A /* ViewController.m in Sources */ = {isa = PBXBuildFile; fileRef = DC6682851A43DE6A00280A0A /* ViewController.m */; };
		DC6682891A43DE6A00280A0A /* Main.storyboard in Resources */ = {isa = PBXBuildFile; fileRef = DC6682871A43DE6A00280A0A /* Main.storyboard */; };
		DC66828B1A43DE6A00280A0A /* Images.xcassets in Resources */ = {isa = PBXBuildFile; fileRef = DC66828A1A43DE6A00280A0A /* Images.xcassets */; };
		DC66828E1A43DE6A00280A0A /* LaunchScreen.xib in Resources */ = {isa = PBXBuildFile; fileRef = DC66828C1A43DE6A00280A0A /* LaunchScreen.xib */; };
		DC66829A1A43DE6A00280A0A /* PullableViewTests.m in Sources */ = {isa = PBXBuildFile; fileRef = DC6682991A43DE6A00280A0A /* PullableViewTests.m */; };
		DC6682A51A43DE8900280A0A /* PullableView.m in Sources */ = {isa = PBXBuildFile; fileRef = DC6682A41A43DE8900280A0A /* PullableView.m */; };
		DC6682AC1A45156200280A0A /* UpCalculationState.m in Sources */ = {isa = PBXBuildFile; fileRef = DC6682AB1A45156200280A0A /* UpCalculationState.m */; };
/* End PBXBuildFile section */

/* Begin PBXContainerItemProxy section */
		DC6682941A43DE6A00280A0A /* PBXContainerItemProxy */ = {
			isa = PBXContainerItemProxy;
			containerPortal = DC6682721A43DE6A00280A0A /* Project object */;
			proxyType = 1;
			remoteGlobalIDString = DC6682791A43DE6A00280A0A;
			remoteInfo = PullableView;
		};
/* End PBXContainerItemProxy section */

/* Begin PBXFileReference section */
		DC66827A1A43DE6A00280A0A /* PullableView.app */ = {isa = PBXFileReference; explicitFileType = wrapper.application; includeInIndex = 0; path = PullableView.app; sourceTree = BUILT_PRODUCTS_DIR; };
		DC66827E1A43DE6A00280A0A /* Info.plist */ = {isa = PBXFileReference; lastKnownFileType = text.plist.xml; path = Info.plist; sourceTree = "<group>"; };
		DC66827F1A43DE6A00280A0A /* main.m */ = {isa = PBXFileReference; lastKnownFileType = sourcecode.c.objc; path = main.m; sourceTree = "<group>"; };
		DC6682811A43DE6A00280A0A /* AppDelegate.h */ = {isa = PBXFileReference; lastKnownFileType = sourcecode.c.h; path = AppDelegate.h; sourceTree = "<group>"; };
		DC6682821A43DE6A00280A0A /* AppDelegate.m */ = {isa = PBXFileReference; lastKnownFileType = sourcecode.c.objc; path = AppDelegate.m; sourceTree = "<group>"; };
		DC6682841A43DE6A00280A0A /* ViewController.h */ = {isa = PBXFileReference; lastKnownFileType = sourcecode.c.h; path = ViewController.h; sourceTree = "<group>"; };
		DC6682851A43DE6A00280A0A /* ViewController.m */ = {isa = PBXFileReference; lastKnownFileType = sourcecode.c.objc; path = ViewController.m; sourceTree = "<group>"; };
		DC6682881A43DE6A00280A0A /* Base */ = {isa = PBXFileReference; lastKnownFileType = file.storyboard; name = Base; path = Base.lproj/Main.storyboard; sourceTree = "<group>"; };
		DC66828A1A43DE6A00280A0A /* Images.xcassets */ = {isa = PBXFileReference; lastKnownFileType = folder.assetcatalog; path = Images.xcassets; sourceTree = "<group>"; };
		DC66828D1A43DE6A00280A0A /* Base */ = {isa = PBXFileReference; lastKnownFileType = file.xib; name = Base; path = Base.lproj/LaunchScreen.xib; sourceTree = "<group>"; };
		DC6682931A43DE6A00280A0A /* PullableViewTests.xctest */ = {isa = PBXFileReference; explicitFileType = wrapper.cfbundle; includeInIndex = 0; path = PullableViewTests.xctest; sourceTree = BUILT_PRODUCTS_DIR; };
		DC6682981A43DE6A00280A0A /* Info.plist */ = {isa = PBXFileReference; lastKnownFileType = text.plist.xml; path = Info.plist; sourceTree = "<group>"; };
		DC6682991A43DE6A00280A0A /* PullableViewTests.m */ = {isa = PBXFileReference; lastKnownFileType = sourcecode.c.objc; path = PullableViewTests.m; sourceTree = "<group>"; };
		DC6682A31A43DE8900280A0A /* PullableView.h */ = {isa = PBXFileReference; fileEncoding = 4; lastKnownFileType = sourcecode.c.h; path = PullableView.h; sourceTree = "<group>"; };
		DC6682A41A43DE8900280A0A /* PullableView.m */ = {isa = PBXFileReference; fileEncoding = 4; lastKnownFileType = sourcecode.c.objc; path = PullableView.m; sourceTree = "<group>"; };
		DC6682A81A45048B00280A0A /* CalculationState.h */ = {isa = PBXFileReference; fileEncoding = 4; lastKnownFileType = sourcecode.c.h; path = CalculationState.h; sourceTree = "<group>"; };
		DC6682AA1A45156200280A0A /* UpCalculationState.h */ = {isa = PBXFileReference; fileEncoding = 4; lastKnownFileType = sourcecode.c.h; path = UpCalculationState.h; sourceTree = "<group>"; };
		DC6682AB1A45156200280A0A /* UpCalculationState.m */ = {isa = PBXFileReference; fileEncoding = 4; lastKnownFileType = sourcecode.c.objc; path = UpCalculationState.m; sourceTree = "<group>"; };
/* End PBXFileReference section */

/* Begin PBXFrameworksBuildPhase section */
		DC6682771A43DE6A00280A0A /* Frameworks */ = {
			isa = PBXFrameworksBuildPhase;
			buildActionMask = 2147483647;
			files = (
			);
			runOnlyForDeploymentPostprocessing = 0;
		};
		DC6682901A43DE6A00280A0A /* Frameworks */ = {
			isa = PBXFrameworksBuildPhase;
			buildActionMask = 2147483647;
			files = (
			);
			runOnlyForDeploymentPostprocessing = 0;
		};
/* End PBXFrameworksBuildPhase section */

/* Begin PBXGroup section */
		DC6682711A43DE6A00280A0A = {
			isa = PBXGroup;
			children = (
				DC66827C1A43DE6A00280A0A /* PullableView */,
				DC6682961A43DE6A00280A0A /* PullableViewTests */,
				DC66827B1A43DE6A00280A0A /* Products */,
			);
			sourceTree = "<group>";
		};
		DC66827B1A43DE6A00280A0A /* Products */ = {
			isa = PBXGroup;
			children = (
				DC66827A1A43DE6A00280A0A /* PullableView.app */,
				DC6682931A43DE6A00280A0A /* PullableViewTests.xctest */,
			);
			name = Products;
			sourceTree = "<group>";
		};
		DC66827C1A43DE6A00280A0A /* PullableView */ = {
			isa = PBXGroup;
			children = (
				DC6682A61A45044300280A0A /* PullableView */,
				DC6682811A43DE6A00280A0A /* AppDelegate.h */,
				DC6682821A43DE6A00280A0A /* AppDelegate.m */,
				DC6682841A43DE6A00280A0A /* ViewController.h */,
				DC6682851A43DE6A00280A0A /* ViewController.m */,
				DC6682871A43DE6A00280A0A /* Main.storyboard */,
				DC66828A1A43DE6A00280A0A /* Images.xcassets */,
				DC66828C1A43DE6A00280A0A /* LaunchScreen.xib */,
				DC66827D1A43DE6A00280A0A /* Supporting Files */,
			);
			path = PullableView;
			sourceTree = "<group>";
		};
		DC66827D1A43DE6A00280A0A /* Supporting Files */ = {
			isa = PBXGroup;
			children = (
				DC66827E1A43DE6A00280A0A /* Info.plist */,
				DC66827F1A43DE6A00280A0A /* main.m */,
			);
			name = "Supporting Files";
			sourceTree = "<group>";
		};
		DC6682961A43DE6A00280A0A /* PullableViewTests */ = {
			isa = PBXGroup;
			children = (
				DC6682991A43DE6A00280A0A /* PullableViewTests.m */,
				DC6682971A43DE6A00280A0A /* Supporting Files */,
			);
			path = PullableViewTests;
			sourceTree = "<group>";
		};
		DC6682971A43DE6A00280A0A /* Supporting Files */ = {
			isa = PBXGroup;
			children = (
				DC6682981A43DE6A00280A0A /* Info.plist */,
			);
			name = "Supporting Files";
			sourceTree = "<group>";
		};
		DC6682A61A45044300280A0A /* PullableView */ = {
			isa = PBXGroup;
			children = (
				DC6682A71A45045E00280A0A /* Direcation Calculation State */,
				DC6682A31A43DE8900280A0A /* PullableView.h */,
				DC6682A41A43DE8900280A0A /* PullableView.m */,
			);
			name = PullableView;
			sourceTree = "<group>";
		};
		DC6682A71A45045E00280A0A /* Direcation Calculation State */ = {
			isa = PBXGroup;
			children = (
				DC6682A91A45154600280A0A /* Implemenation */,
				DC6682A81A45048B00280A0A /* CalculationState.h */,
			);
			name = "Direcation Calculation State";
			sourceTree = "<group>";
		};
		DC6682A91A45154600280A0A /* Implemenation */ = {
			isa = PBXGroup;
			children = (
				DC6682AA1A45156200280A0A /* UpCalculationState.h */,
				DC6682AB1A45156200280A0A /* UpCalculationState.m */,
			);
			name = Implemenation;
			sourceTree = "<group>";
		};
/* End PBXGroup section */

/* Begin PBXNativeTarget section */
		DC6682791A43DE6A00280A0A /* PullableView */ = {
			isa = PBXNativeTarget;
			buildConfigurationList = DC66829D1A43DE6A00280A0A /* Build configuration list for PBXNativeTarget "PullableView" */;
			buildPhases = (
				DC6682761A43DE6A00280A0A /* Sources */,
				DC6682771A43DE6A00280A0A /* Frameworks */,
				DC6682781A43DE6A00280A0A /* Resources */,
			);
			buildRules = (
			);
			dependencies = (
			);
			name = PullableView;
			productName = PullableView;
			productReference = DC66827A1A43DE6A00280A0A /* PullableView.app */;
			productType = "com.apple.product-type.application";
		};
		DC6682921A43DE6A00280A0A /* PullableViewTests */ = {
			isa = PBXNativeTarget;
			buildConfigurationList = DC6682A01A43DE6A00280A0A /* Build configuration list for PBXNativeTarget "PullableViewTests" */;
			buildPhases = (
				DC66828F1A43DE6A00280A0A /* Sources */,
				DC6682901A43DE6A00280A0A /* Frameworks */,
				DC6682911A43DE6A00280A0A /* Resources */,
			);
			buildRules = (
			);
			dependencies = (
				DC6682951A43DE6A00280A0A /* PBXTargetDependency */,
			);
			name = PullableViewTests;
			productName = PullableViewTests;
			productReference = DC6682931A43DE6A00280A0A /* PullableViewTests.xctest */;
			productType = "com.apple.product-type.bundle.unit-test";
		};
/* End PBXNativeTarget section */

/* Begin PBXProject section */
		DC6682721A43DE6A00280A0A /* Project object */ = {
			isa = PBXProject;
			attributes = {
				LastUpgradeCheck = 0610;
				ORGANIZATIONNAME = "Ahmed Henawey";
				TargetAttributes = {
					DC6682791A43DE6A00280A0A = {
						CreatedOnToolsVersion = 6.1;
					};
					DC6682921A43DE6A00280A0A = {
						CreatedOnToolsVersion = 6.1;
						TestTargetID = DC6682791A43DE6A00280A0A;
					};
				};
			};
			buildConfigurationList = DC6682751A43DE6A00280A0A /* Build configuration list for PBXProject "PullableView" */;
			compatibilityVersion = "Xcode 3.2";
			developmentRegion = English;
			hasScannedForEncodings = 0;
			knownRegions = (
				en,
				Base,
			);
			mainGroup = DC6682711A43DE6A00280A0A;
			productRefGroup = DC66827B1A43DE6A00280A0A /* Products */;
			projectDirPath = "";
			projectRoot = "";
			targets = (
				DC6682791A43DE6A00280A0A /* PullableView */,
				DC6682921A43DE6A00280A0A /* PullableViewTests */,
			);
		};
/* End PBXProject section */

/* Begin PBXResourcesBuildPhase section */
		DC6682781A43DE6A00280A0A /* Resources */ = {
			isa = PBXResourcesBuildPhase;
			buildActionMask = 2147483647;
			files = (
				DC6682891A43DE6A00280A0A /* Main.storyboard in Resources */,
				DC66828E1A43DE6A00280A0A /* LaunchScreen.xib in Resources */,
				DC66828B1A43DE6A00280A0A /* Images.xcassets in Resources */,
			);
			runOnlyForDeploymentPostprocessing = 0;
		};
		DC6682911A43DE6A00280A0A /* Resources */ = {
			isa = PBXResourcesBuildPhase;
			buildActionMask = 2147483647;
			files = (
			);
			runOnlyForDeploymentPostprocessing = 0;
		};
/* End PBXResourcesBuildPhase section */

/* Begin PBXSourcesBuildPhase section */
		DC6682761A43DE6A00280A0A /* Sources */ = {
			isa = PBXSourcesBuildPhase;
			buildActionMask = 2147483647;
			files = (
				DC6682861A43DE6A00280A0A /* ViewController.m in Sources */,
				DC6682A51A43DE8900280A0A /* PullableView.m in Sources */,
				DC6682AC1A45156200280A0A /* UpCalculationState.m in Sources */,
				DC6682831A43DE6A00280A0A /* AppDelegate.m in Sources */,
				DC6682801A43DE6A00280A0A /* main.m in Sources */,
			);
			runOnlyForDeploymentPostprocessing = 0;
		};
		DC66828F1A43DE6A00280A0A /* Sources */ = {
			isa = PBXSourcesBuildPhase;
			buildActionMask = 2147483647;
			files = (
				DC66829A1A43DE6A00280A0A /* PullableViewTests.m in Sources */,
			);
			runOnlyForDeploymentPostprocessing = 0;
		};
/* End PBXSourcesBuildPhase section */

/* Begin PBXTargetDependency section */
		DC6682951A43DE6A00280A0A /* PBXTargetDependency */ = {
			isa = PBXTargetDependency;
			target = DC6682791A43DE6A00280A0A /* PullableView */;
			targetProxy = DC6682941A43DE6A00280A0A /* PBXContainerItemProxy */;
		};
/* End PBXTargetDependency section */

/* Begin PBXVariantGroup section */
		DC6682871A43DE6A00280A0A /* Main.storyboard */ = {
			isa = PBXVariantGroup;
			children = (
				DC6682881A43DE6A00280A0A /* Base */,
			);
			name = Main.storyboard;
			sourceTree = "<group>";
		};
		DC66828C1A43DE6A00280A0A /* LaunchScreen.xib */ = {
			isa = PBXVariantGroup;
			children = (
				DC66828D1A43DE6A00280A0A /* Base */,
			);
			name = LaunchScreen.xib;
			sourceTree = "<group>";
		};
/* End PBXVariantGroup section */

/* Begin XCBuildConfiguration section */
		DC66829B1A43DE6A00280A0A /* Debug */ = {
			isa = XCBuildConfiguration;
			buildSettings = {
				ALWAYS_SEARCH_USER_PATHS = NO;
				CLANG_CXX_LANGUAGE_STANDARD = "gnu++0x";
				CLANG_CXX_LIBRARY = "libc++";
				CLANG_ENABLE_MODULES = YES;
				CLANG_ENABLE_OBJC_ARC = YES;
				CLANG_WARN_BOOL_CONVERSION = YES;
				CLANG_WARN_CONSTANT_CONVERSION = YES;
				CLANG_WARN_DIRECT_OBJC_ISA_USAGE = YES_ERROR;
				CLANG_WARN_EMPTY_BODY = YES;
				CLANG_WARN_ENUM_CONVERSION = YES;
				CLANG_WARN_INT_CONVERSION = YES;
				CLANG_WARN_OBJC_ROOT_CLASS = YES_ERROR;
				CLANG_WARN_UNREACHABLE_CODE = YES;
				CLANG_WARN__DUPLICATE_METHOD_MATCH = YES;
				"CODE_SIGN_IDENTITY[sdk=iphoneos*]" = "iPhone Developer";
				COPY_PHASE_STRIP = NO;
				ENABLE_STRICT_OBJC_MSGSEND = YES;
				GCC_C_LANGUAGE_STANDARD = gnu99;
				GCC_DYNAMIC_NO_PIC = NO;
				GCC_OPTIMIZATION_LEVEL = 0;
				GCC_PREPROCESSOR_DEFINITIONS = (
					"DEBUG=1",
					"$(inherited)",
				);
				GCC_SYMBOLS_PRIVATE_EXTERN = NO;
				GCC_WARN_64_TO_32_BIT_CONVERSION = YES;
				GCC_WARN_ABOUT_RETURN_TYPE = YES_ERROR;
				GCC_WARN_UNDECLARED_SELECTOR = YES;
				GCC_WARN_UNINITIALIZED_AUTOS = YES_AGGRESSIVE;
				GCC_WARN_UNUSED_FUNCTION = YES;
				GCC_WARN_UNUSED_VARIABLE = YES;
				IPHONEOS_DEPLOYMENT_TARGET = 8.1;
				MTL_ENABLE_DEBUG_INFO = YES;
				ONLY_ACTIVE_ARCH = YES;
				SDKROOT = iphoneos;
			};
			name = Debug;
		};
		DC66829C1A43DE6A00280A0A /* Release */ = {
			isa = XCBuildConfiguration;
			buildSettings = {
				ALWAYS_SEARCH_USER_PATHS = NO;
				CLANG_CXX_LANGUAGE_STANDARD = "gnu++0x";
				CLANG_CXX_LIBRARY = "libc++";
				CLANG_ENABLE_MODULES = YES;
				CLANG_ENABLE_OBJC_ARC = YES;
				CLANG_WARN_BOOL_CONVERSION = YES;
				CLANG_WARN_CONSTANT_CONVERSION = YES;
				CLANG_WARN_DIRECT_OBJC_ISA_USAGE = YES_ERROR;
				CLANG_WARN_EMPTY_BODY = YES;
				CLANG_WARN_ENUM_CONVERSION = YES;
				CLANG_WARN_INT_CONVERSION = YES;
				CLANG_WARN_OBJC_ROOT_CLASS = YES_ERROR;
				CLANG_WARN_UNREACHABLE_CODE = YES;
				CLANG_WARN__DUPLICATE_METHOD_MATCH = YES;
				"CODE_SIGN_IDENTITY[sdk=iphoneos*]" = "iPhone Developer";
				COPY_PHASE_STRIP = YES;
				ENABLE_NS_ASSERTIONS = NO;
				ENABLE_STRICT_OBJC_MSGSEND = YES;
				GCC_C_LANGUAGE_STANDARD = gnu99;
				GCC_WARN_64_TO_32_BIT_CONVERSION = YES;
				GCC_WARN_ABOUT_RETURN_TYPE = YES_ERROR;
				GCC_WARN_UNDECLARED_SELECTOR = YES;
				GCC_WARN_UNINITIALIZED_AUTOS = YES_AGGRESSIVE;
				GCC_WARN_UNUSED_FUNCTION = YES;
				GCC_WARN_UNUSED_VARIABLE = YES;
				IPHONEOS_DEPLOYMENT_TARGET = 8.1;
				MTL_ENABLE_DEBUG_INFO = NO;
				SDKROOT = iphoneos;
				VALIDATE_PRODUCT = YES;
			};
			name = Release;
		};
		DC66829E1A43DE6A00280A0A /* Debug */ = {
			isa = XCBuildConfiguration;
			buildSettings = {
				ASSETCATALOG_COMPILER_APPICON_NAME = AppIcon;
				INFOPLIST_FILE = PullableView/Info.plist;
				IPHONEOS_DEPLOYMENT_TARGET = 7.0;
				LD_RUNPATH_SEARCH_PATHS = "$(inherited) @executable_path/Frameworks";
				PRODUCT_NAME = "$(TARGET_NAME)";
			};
			name = Debug;
		};
		DC66829F1A43DE6A00280A0A /* Release */ = {
			isa = XCBuildConfiguration;
			buildSettings = {
				ASSETCATALOG_COMPILER_APPICON_NAME = AppIcon;
				INFOPLIST_FILE = PullableView/Info.plist;
				IPHONEOS_DEPLOYMENT_TARGET = 7.0;
				LD_RUNPATH_SEARCH_PATHS = "$(inherited) @executable_path/Frameworks";
				PRODUCT_NAME = "$(TARGET_NAME)";
			};
			name = Release;
		};
		DC6682A11A43DE6A00280A0A /* Debug */ = {
			isa = XCBuildConfiguration;
			buildSettings = {
				BUNDLE_LOADER = "$(TEST_HOST)";
				FRAMEWORK_SEARCH_PATHS = (
					"$(SDKROOT)/Developer/Library/Frameworks",
					"$(inherited)",
				);
				GCC_PREPROCESSOR_DEFINITIONS = (
					"DEBUG=1",
					"$(inherited)",
				);
				INFOPLIST_FILE = PullableViewTests/Info.plist;
				LD_RUNPATH_SEARCH_PATHS = "$(inherited) @executable_path/Frameworks @loader_path/Frameworks";
				PRODUCT_NAME = "$(TARGET_NAME)";
				TEST_HOST = "$(BUILT_PRODUCTS_DIR)/PullableView.app/PullableView";
			};
			name = Debug;
		};
		DC6682A21A43DE6A00280A0A /* Release */ = {
			isa = XCBuildConfiguration;
			buildSettings = {
				BUNDLE_LOADER = "$(TEST_HOST)";
				FRAMEWORK_SEARCH_PATHS = (
					"$(SDKROOT)/Developer/Library/Frameworks",
					"$(inherited)",
				);
				INFOPLIST_FILE = PullableViewTests/Info.plist;
				LD_RUNPATH_SEARCH_PATHS = "$(inherited) @executable_path/Frameworks @loader_path/Frameworks";
				PRODUCT_NAME = "$(TARGET_NAME)";
				TEST_HOST = "$(BUILT_PRODUCTS_DIR)/PullableView.app/PullableView";
			};
			name = Release;
		};
/* End XCBuildConfiguration section */

/* Begin XCConfigurationList section */
		DC6682751A43DE6A00280A0A /* Build configuration list for PBXProject "PullableView" */ = {
			isa = XCConfigurationList;
			buildConfigurations = (
				DC66829B1A43DE6A00280A0A /* Debug */,
				DC66829C1A43DE6A00280A0A /* Release */,
			);
			defaultConfigurationIsVisible = 0;
			defaultConfigurationName = Release;
		};
		DC66829D1A43DE6A00280A0A /* Build configuration list for PBXNativeTarget "PullableView" */ = {
			isa = XCConfigurationList;
			buildConfigurations = (
				DC66829E1A43DE6A00280A0A /* Debug */,
				DC66829F1A43DE6A00280A0A /* Release */,
			);
			defaultConfigurationIsVisible = 0;
			defaultConfigurationName = Release;
		};
		DC6682A01A43DE6A00280A0A /* Build configuration list for PBXNativeTarget "PullableViewTests" */ = {
			isa = XCConfigurationList;
			buildConfigurations = (
				DC6682A11A43DE6A00280A0A /* Debug */,
				DC6682A21A43DE6A00280A0A /* Release */,
			);
			defaultConfigurationIsVisible = 0;
			defaultConfigurationName = Release;
		};
/* End XCConfigurationList section */
	};
	rootObject = DC6682721A43DE6A00280A0A /* Project object */;
}
